// !$*UTF8*$!
{
	archiveVersion = 1;
	classes = {
	};
	objectVersion = 56;
	objects = {

/* Begin PBXBuildFile section */
		8D946F7D2BBC566000EFF8DE /* SetUpView.swift in Sources */ = {isa = PBXBuildFile; fileRef = 8D946F7C2BBC566000EFF8DE /* SetUpView.swift */; };
		8D946F7F2BBC567B00EFF8DE /* ScanView.swift in Sources */ = {isa = PBXBuildFile; fileRef = 8D946F7E2BBC567A00EFF8DE /* ScanView.swift */; };
		8D946F812BBC56A000EFF8DE /* SelectButton.swift in Sources */ = {isa = PBXBuildFile; fileRef = 8D946F802BBC56A000EFF8DE /* SelectButton.swift */; };
		8D946F832BBC56B600EFF8DE /* RoutePickerView.swift in Sources */ = {isa = PBXBuildFile; fileRef = 8D946F822BBC56B600EFF8DE /* RoutePickerView.swift */; };
		8D946F852BBC56CA00EFF8DE /* OutlinedButtonStyle.swift in Sources */ = {isa = PBXBuildFile; fileRef = 8D946F842BBC56CA00EFF8DE /* OutlinedButtonStyle.swift */; };
		8D946F872BBC56EC00EFF8DE /* HomeView.swift in Sources */ = {isa = PBXBuildFile; fileRef = 8D946F862BBC56EC00EFF8DE /* HomeView.swift */; };
		8D946F892BBC572700EFF8DE /* ControlView.swift in Sources */ = {isa = PBXBuildFile; fileRef = 8D946F882BBC572700EFF8DE /* ControlView.swift */; };
		8D946F8D2BBC574F00EFF8DE /* MusicPlayer.swift in Sources */ = {isa = PBXBuildFile; fileRef = 8D946F8C2BBC574F00EFF8DE /* MusicPlayer.swift */; };
		8D946F8F2BBC576000EFF8DE /* ServicesNow.swift in Sources */ = {isa = PBXBuildFile; fileRef = 8D946F8E2BBC576000EFF8DE /* ServicesNow.swift */; };
		8D946F912BBC576F00EFF8DE /* CharacteristicsView.swift in Sources */ = {isa = PBXBuildFile; fileRef = 8D946F902BBC576F00EFF8DE /* CharacteristicsView.swift */; };
		8D946F942BBC57C200EFF8DE /* HomeStore.swift in Sources */ = {isa = PBXBuildFile; fileRef = 8D946F932BBC57C200EFF8DE /* HomeStore.swift */; };
		8D946F962BBC57D000EFF8DE /* BluetoothManager.swift in Sources */ = {isa = PBXBuildFile; fileRef = 8D946F952BBC57D000EFF8DE /* BluetoothManager.swift */; };
		8D946F982BBC57DA00EFF8DE /* MLHandler.swift in Sources */ = {isa = PBXBuildFile; fileRef = 8D946F972BBC57DA00EFF8DE /* MLHandler.swift */; };
		8D946F9A2BBC57EB00EFF8DE /* MusicModel.swift in Sources */ = {isa = PBXBuildFile; fileRef = 8D946F992BBC57EB00EFF8DE /* MusicModel.swift */; };
		8D946F9C2BBC57F500EFF8DE /* RouterPicker.swift in Sources */ = {isa = PBXBuildFile; fileRef = 8D946F9B2BBC57F500EFF8DE /* RouterPicker.swift */; };
		8D946FA02BBC581B00EFF8DE /* EmbeddingModel.swift in Sources */ = {isa = PBXBuildFile; fileRef = 8D946F9F2BBC581B00EFF8DE /* EmbeddingModel.swift */; };
		8D946FA32BBC5A6800EFF8DE /* best_75.mlpackage in Sources */ = {isa = PBXBuildFile; fileRef = 8D946FA22BBC5A6800EFF8DE /* best_75.mlpackage */; };
		8D9A556F2B95730100F4E85F /* PythonKit in Frameworks */ = {isa = PBXBuildFile; productRef = 8D9A556E2B95730100F4E85F /* PythonKit */; };
		8DBFB75C2BB095EA0024645F /* ring_dinov2_nearestinterp_nocrop.ort in Resources */ = {isa = PBXBuildFile; fileRef = 8DBFB75B2BB095EA0024645F /* ring_dinov2_nearestinterp_nocrop.ort */; };
		8DBFB75D2BB3CCBD0024645F /* Data in Resources */ = {isa = PBXBuildFile; fileRef = 8DBFB7572BABBADC0024645F /* Data */; };
		8DD2A6192B7E04AE008772F4 /* Ring_projectApp.swift in Sources */ = {isa = PBXBuildFile; fileRef = 8DD2A6182B7E04AE008772F4 /* Ring_projectApp.swift */; };
		8DD2A61B2B7E04AE008772F4 /* ContentView.swift in Sources */ = {isa = PBXBuildFile; fileRef = 8DD2A61A2B7E04AE008772F4 /* ContentView.swift */; };
		8DD2A61D2B7E04B0008772F4 /* Assets.xcassets in Resources */ = {isa = PBXBuildFile; fileRef = 8DD2A61C2B7E04B0008772F4 /* Assets.xcassets */; };
		8DD2A6212B7E04B0008772F4 /* Preview Assets.xcassets in Resources */ = {isa = PBXBuildFile; fileRef = 8DD2A6202B7E04B0008772F4 /* Preview Assets.xcassets */; };
		8DD2A62B2B7E04B1008772F4 /* Ring_projectTests.swift in Sources */ = {isa = PBXBuildFile; fileRef = 8DD2A62A2B7E04B1008772F4 /* Ring_projectTests.swift */; };
		8DD2A6352B7E04B1008772F4 /* Ring_projectUITests.swift in Sources */ = {isa = PBXBuildFile; fileRef = 8DD2A6342B7E04B1008772F4 /* Ring_projectUITests.swift */; };
		8DD2A6372B7E04B1008772F4 /* Ring_projectUITestsLaunchTests.swift in Sources */ = {isa = PBXBuildFile; fileRef = 8DD2A6362B7E04B1008772F4 /* Ring_projectUITestsLaunchTests.swift */; };
		8DD2A6462B7E8892008772F4 /* ORTDinoModel.swift in Sources */ = {isa = PBXBuildFile; fileRef = 8DD2A6452B7E8892008772F4 /* ORTDinoModel.swift */; };
/* End PBXBuildFile section */

/* Begin PBXBuildRule section */
		8D1B61BE2B86994D00CE7737 /* PBXBuildRule */ = {
			isa = PBXBuildRule;
			compilerSpec = com.apple.compilers.proxy.script;
			fileType = pattern.proxy;
			inputFiles = (
			);
			isEditable = 1;
			outputFiles = (
			);
			script = "# Type a script or drag a script file from your workspace to insert its path.\n";
		};
/* End PBXBuildRule section */

/* Begin PBXContainerItemProxy section */
		8DD2A6272B7E04B1008772F4 /* PBXContainerItemProxy */ = {
			isa = PBXContainerItemProxy;
			containerPortal = 8DD2A60D2B7E04AE008772F4 /* Project object */;
			proxyType = 1;
			remoteGlobalIDString = 8DD2A6142B7E04AE008772F4;
			remoteInfo = "Ring-project";
		};
		8DD2A6312B7E04B1008772F4 /* PBXContainerItemProxy */ = {
			isa = PBXContainerItemProxy;
			containerPortal = 8DD2A60D2B7E04AE008772F4 /* Project object */;
			proxyType = 1;
			remoteGlobalIDString = 8DD2A6142B7E04AE008772F4;
			remoteInfo = "Ring-project";
		};
/* End PBXContainerItemProxy section */

/* Begin PBXFileReference section */
		8D946F7C2BBC566000EFF8DE /* SetUpView.swift */ = {isa = PBXFileReference; lastKnownFileType = sourcecode.swift; name = SetUpView.swift; path = "Ring-project/View/SetUpUI/SetUpView.swift"; sourceTree = SOURCE_ROOT; };
		8D946F7E2BBC567A00EFF8DE /* ScanView.swift */ = {isa = PBXFileReference; lastKnownFileType = sourcecode.swift; path = ScanView.swift; sourceTree = "<group>"; };
		8D946F802BBC56A000EFF8DE /* SelectButton.swift */ = {isa = PBXFileReference; lastKnownFileType = sourcecode.swift; path = SelectButton.swift; sourceTree = "<group>"; };
		8D946F822BBC56B600EFF8DE /* RoutePickerView.swift */ = {isa = PBXFileReference; lastKnownFileType = sourcecode.swift; path = RoutePickerView.swift; sourceTree = "<group>"; };
		8D946F842BBC56CA00EFF8DE /* OutlinedButtonStyle.swift */ = {isa = PBXFileReference; lastKnownFileType = sourcecode.swift; path = OutlinedButtonStyle.swift; sourceTree = "<group>"; };
		8D946F862BBC56EC00EFF8DE /* HomeView.swift */ = {isa = PBXFileReference; lastKnownFileType = sourcecode.swift; path = HomeView.swift; sourceTree = "<group>"; };
		8D946F882BBC572700EFF8DE /* ControlView.swift */ = {isa = PBXFileReference; lastKnownFileType = sourcecode.swift; path = ControlView.swift; sourceTree = "<group>"; };
		8D946F8C2BBC574F00EFF8DE /* MusicPlayer.swift */ = {isa = PBXFileReference; lastKnownFileType = sourcecode.swift; path = MusicPlayer.swift; sourceTree = "<group>"; };
		8D946F8E2BBC576000EFF8DE /* ServicesNow.swift */ = {isa = PBXFileReference; lastKnownFileType = sourcecode.swift; path = ServicesNow.swift; sourceTree = "<group>"; };
		8D946F902BBC576F00EFF8DE /* CharacteristicsView.swift */ = {isa = PBXFileReference; lastKnownFileType = sourcecode.swift; path = CharacteristicsView.swift; sourceTree = "<group>"; };
		8D946F932BBC57C200EFF8DE /* HomeStore.swift */ = {isa = PBXFileReference; lastKnownFileType = sourcecode.swift; path = HomeStore.swift; sourceTree = "<group>"; };
		8D946F952BBC57D000EFF8DE /* BluetoothManager.swift */ = {isa = PBXFileReference; lastKnownFileType = sourcecode.swift; path = BluetoothManager.swift; sourceTree = "<group>"; };
		8D946F972BBC57DA00EFF8DE /* MLHandler.swift */ = {isa = PBXFileReference; lastKnownFileType = sourcecode.swift; path = MLHandler.swift; sourceTree = "<group>"; };
		8D946F992BBC57EB00EFF8DE /* MusicModel.swift */ = {isa = PBXFileReference; lastKnownFileType = sourcecode.swift; path = MusicModel.swift; sourceTree = "<group>"; };
		8D946F9B2BBC57F500EFF8DE /* RouterPicker.swift */ = {isa = PBXFileReference; lastKnownFileType = sourcecode.swift; path = RouterPicker.swift; sourceTree = "<group>"; };
		8D946F9F2BBC581B00EFF8DE /* EmbeddingModel.swift */ = {isa = PBXFileReference; lastKnownFileType = sourcecode.swift; path = EmbeddingModel.swift; sourceTree = "<group>"; };
		8D946FA22BBC5A6800EFF8DE /* best_75.mlpackage */ = {isa = PBXFileReference; lastKnownFileType = folder.mlpackage; path = best_75.mlpackage; sourceTree = "<group>"; };
		8D946FB02BBC609500EFF8DE /* Info.plist */ = {isa = PBXFileReference; fileEncoding = 4; lastKnownFileType = text.plist.xml; path = Info.plist; sourceTree = "<group>"; };
		8DBFB7572BABBADC0024645F /* Data */ = {isa = PBXFileReference; lastKnownFileType = folder; path = Data; sourceTree = "<group>"; };
		8DBFB75B2BB095EA0024645F /* ring_dinov2_nearestinterp_nocrop.ort */ = {isa = PBXFileReference; lastKnownFileType = file; path = ring_dinov2_nearestinterp_nocrop.ort; sourceTree = "<group>"; };
		8DD2A6152B7E04AE008772F4 /* Ring-project.app */ = {isa = PBXFileReference; explicitFileType = wrapper.application; includeInIndex = 0; path = "Ring-project.app"; sourceTree = BUILT_PRODUCTS_DIR; };
		8DD2A6182B7E04AE008772F4 /* Ring_projectApp.swift */ = {isa = PBXFileReference; lastKnownFileType = sourcecode.swift; path = Ring_projectApp.swift; sourceTree = "<group>"; };
		8DD2A61A2B7E04AE008772F4 /* ContentView.swift */ = {isa = PBXFileReference; lastKnownFileType = sourcecode.swift; path = ContentView.swift; sourceTree = "<group>"; };
		8DD2A61C2B7E04B0008772F4 /* Assets.xcassets */ = {isa = PBXFileReference; lastKnownFileType = folder.assetcatalog; path = Assets.xcassets; sourceTree = "<group>"; };
		8DD2A61E2B7E04B0008772F4 /* Ring_project.entitlements */ = {isa = PBXFileReference; lastKnownFileType = text.plist.entitlements; path = Ring_project.entitlements; sourceTree = "<group>"; };
		8DD2A6202B7E04B0008772F4 /* Preview Assets.xcassets */ = {isa = PBXFileReference; lastKnownFileType = folder.assetcatalog; path = "Preview Assets.xcassets"; sourceTree = "<group>"; };
		8DD2A6262B7E04B1008772F4 /* Ring-projectTests.xctest */ = {isa = PBXFileReference; explicitFileType = wrapper.cfbundle; includeInIndex = 0; path = "Ring-projectTests.xctest"; sourceTree = BUILT_PRODUCTS_DIR; };
		8DD2A62A2B7E04B1008772F4 /* Ring_projectTests.swift */ = {isa = PBXFileReference; lastKnownFileType = sourcecode.swift; path = Ring_projectTests.swift; sourceTree = "<group>"; };
		8DD2A6302B7E04B1008772F4 /* Ring-projectUITests.xctest */ = {isa = PBXFileReference; explicitFileType = wrapper.cfbundle; includeInIndex = 0; path = "Ring-projectUITests.xctest"; sourceTree = BUILT_PRODUCTS_DIR; };
		8DD2A6342B7E04B1008772F4 /* Ring_projectUITests.swift */ = {isa = PBXFileReference; lastKnownFileType = sourcecode.swift; path = Ring_projectUITests.swift; sourceTree = "<group>"; };
		8DD2A6362B7E04B1008772F4 /* Ring_projectUITestsLaunchTests.swift */ = {isa = PBXFileReference; lastKnownFileType = sourcecode.swift; path = Ring_projectUITestsLaunchTests.swift; sourceTree = "<group>"; };
		8DD2A6452B7E8892008772F4 /* ORTDinoModel.swift */ = {isa = PBXFileReference; lastKnownFileType = sourcecode.swift; path = ORTDinoModel.swift; sourceTree = "<group>"; };
/* End PBXFileReference section */

/* Begin PBXFrameworksBuildPhase section */
		8DD2A6122B7E04AE008772F4 /* Frameworks */ = {
			isa = PBXFrameworksBuildPhase;
			buildActionMask = 2147483647;
			files = (
				8D9A556F2B95730100F4E85F /* PythonKit in Frameworks */,
			);
			runOnlyForDeploymentPostprocessing = 0;
		};
		8DD2A6232B7E04B1008772F4 /* Frameworks */ = {
			isa = PBXFrameworksBuildPhase;
			buildActionMask = 2147483647;
			files = (
			);
			runOnlyForDeploymentPostprocessing = 0;
		};
		8DD2A62D2B7E04B1008772F4 /* Frameworks */ = {
			isa = PBXFrameworksBuildPhase;
			buildActionMask = 2147483647;
			files = (
			);
			runOnlyForDeploymentPostprocessing = 0;
		};
/* End PBXFrameworksBuildPhase section */

/* Begin PBXGroup section */
		8D946F792BBC562100EFF8DE /* View */ = {
			isa = PBXGroup;
			children = (
				8D946F7B2BBC563F00EFF8DE /* UI */,
				8D946F7A2BBC562C00EFF8DE /* SetUpUI */,
				8D946F862BBC56EC00EFF8DE /* HomeView.swift */,
				8D946F882BBC572700EFF8DE /* ControlView.swift */,
				8D946F8C2BBC574F00EFF8DE /* MusicPlayer.swift */,
				8D946F8E2BBC576000EFF8DE /* ServicesNow.swift */,
				8D946F902BBC576F00EFF8DE /* CharacteristicsView.swift */,
			);
			path = View;
			sourceTree = "<group>";
		};
		8D946F7A2BBC562C00EFF8DE /* SetUpUI */ = {
			isa = PBXGroup;
			children = (
				8D946F7C2BBC566000EFF8DE /* SetUpView.swift */,
				8D946F7E2BBC567A00EFF8DE /* ScanView.swift */,
			);
			path = SetUpUI;
			sourceTree = "<group>";
		};
		8D946F7B2BBC563F00EFF8DE /* UI */ = {
			isa = PBXGroup;
			children = (
				8D946F802BBC56A000EFF8DE /* SelectButton.swift */,
				8D946F822BBC56B600EFF8DE /* RoutePickerView.swift */,
				8D946F842BBC56CA00EFF8DE /* OutlinedButtonStyle.swift */,
			);
			path = UI;
			sourceTree = "<group>";
		};
		8D946F922BBC57B900EFF8DE /* Model */ = {
			isa = PBXGroup;
			children = (
				8D946FA12BBC5A5200EFF8DE /* CoreML */,
				8D946F932BBC57C200EFF8DE /* HomeStore.swift */,
				8D946F952BBC57D000EFF8DE /* BluetoothManager.swift */,
				8D946F972BBC57DA00EFF8DE /* MLHandler.swift */,
				8D946F992BBC57EB00EFF8DE /* MusicModel.swift */,
				8D946F9B2BBC57F500EFF8DE /* RouterPicker.swift */,
				8D946F9F2BBC581B00EFF8DE /* EmbeddingModel.swift */,
			);
			path = Model;
			sourceTree = "<group>";
		};
		8D946FA12BBC5A5200EFF8DE /* CoreML */ = {
			isa = PBXGroup;
			children = (
				8D946FA22BBC5A6800EFF8DE /* best_75.mlpackage */,
			);
			path = CoreML;
			sourceTree = "<group>";
		};
		8DD2A60C2B7E04AE008772F4 = {
			isa = PBXGroup;
			children = (
				8DBFB75B2BB095EA0024645F /* ring_dinov2_nearestinterp_nocrop.ort */,
				8DBFB7572BABBADC0024645F /* Data */,
				8DD2A6172B7E04AE008772F4 /* Ring-project */,
				8DD2A6292B7E04B1008772F4 /* Ring-projectTests */,
				8DD2A6332B7E04B1008772F4 /* Ring-projectUITests */,
				8DD2A6162B7E04AE008772F4 /* Products */,
				C1004FC6B2DA79F5A3FFE4B7 /* Pods */,
			);
			sourceTree = "<group>";
		};
		8DD2A6162B7E04AE008772F4 /* Products */ = {
			isa = PBXGroup;
			children = (
				8DD2A6152B7E04AE008772F4 /* Ring-project.app */,
				8DD2A6262B7E04B1008772F4 /* Ring-projectTests.xctest */,
				8DD2A6302B7E04B1008772F4 /* Ring-projectUITests.xctest */,
			);
			name = Products;
			sourceTree = "<group>";
		};
		8DD2A6172B7E04AE008772F4 /* Ring-project */ = {
			isa = PBXGroup;
			children = (
				8D946FB02BBC609500EFF8DE /* Info.plist */,
				8D946F922BBC57B900EFF8DE /* Model */,
				8D946F792BBC562100EFF8DE /* View */,
				8DD2A6182B7E04AE008772F4 /* Ring_projectApp.swift */,
				8DD2A61A2B7E04AE008772F4 /* ContentView.swift */,
				8DD2A6452B7E8892008772F4 /* ORTDinoModel.swift */,
				8DD2A61C2B7E04B0008772F4 /* Assets.xcassets */,
				8DD2A61E2B7E04B0008772F4 /* Ring_project.entitlements */,
				8DD2A61F2B7E04B0008772F4 /* Preview Content */,
			);
			path = "Ring-project";
			sourceTree = "<group>";
		};
		8DD2A61F2B7E04B0008772F4 /* Preview Content */ = {
			isa = PBXGroup;
			children = (
				8DD2A6202B7E04B0008772F4 /* Preview Assets.xcassets */,
			);
			path = "Preview Content";
			sourceTree = "<group>";
		};
		8DD2A6292B7E04B1008772F4 /* Ring-projectTests */ = {
			isa = PBXGroup;
			children = (
				8DD2A62A2B7E04B1008772F4 /* Ring_projectTests.swift */,
			);
			path = "Ring-projectTests";
			sourceTree = "<group>";
		};
		8DD2A6332B7E04B1008772F4 /* Ring-projectUITests */ = {
			isa = PBXGroup;
			children = (
				8DD2A6342B7E04B1008772F4 /* Ring_projectUITests.swift */,
				8DD2A6362B7E04B1008772F4 /* Ring_projectUITestsLaunchTests.swift */,
			);
			path = "Ring-projectUITests";
			sourceTree = "<group>";
		};
		C1004FC6B2DA79F5A3FFE4B7 /* Pods */ = {
			isa = PBXGroup;
			children = (
			);
			path = Pods;
			sourceTree = "<group>";
		};
/* End PBXGroup section */

/* Begin PBXNativeTarget section */
		8DD2A6142B7E04AE008772F4 /* Ring-project */ = {
			isa = PBXNativeTarget;
			buildConfigurationList = 8DD2A63A2B7E04B1008772F4 /* Build configuration list for PBXNativeTarget "Ring-project" */;
			buildPhases = (
				8DD2A6112B7E04AE008772F4 /* Sources */,
				8DD2A6122B7E04AE008772F4 /* Frameworks */,
				8DD2A6132B7E04AE008772F4 /* Resources */,
			);
			buildRules = (
				8D1B61BE2B86994D00CE7737 /* PBXBuildRule */,
			);
			dependencies = (
			);
			name = "Ring-project";
			packageProductDependencies = (
				8D9A556E2B95730100F4E85F /* PythonKit */,
			);
			productName = "Ring-project";
			productReference = 8DD2A6152B7E04AE008772F4 /* Ring-project.app */;
			productType = "com.apple.product-type.application";
		};
		8DD2A6252B7E04B1008772F4 /* Ring-projectTests */ = {
			isa = PBXNativeTarget;
			buildConfigurationList = 8DD2A63D2B7E04B1008772F4 /* Build configuration list for PBXNativeTarget "Ring-projectTests" */;
			buildPhases = (
				8DD2A6222B7E04B1008772F4 /* Sources */,
				8DD2A6232B7E04B1008772F4 /* Frameworks */,
				8DD2A6242B7E04B1008772F4 /* Resources */,
			);
			buildRules = (
			);
			dependencies = (
				8DD2A6282B7E04B1008772F4 /* PBXTargetDependency */,
			);
			name = "Ring-projectTests";
			productName = "Ring-projectTests";
			productReference = 8DD2A6262B7E04B1008772F4 /* Ring-projectTests.xctest */;
			productType = "com.apple.product-type.bundle.unit-test";
		};
		8DD2A62F2B7E04B1008772F4 /* Ring-projectUITests */ = {
			isa = PBXNativeTarget;
			buildConfigurationList = 8DD2A6402B7E04B1008772F4 /* Build configuration list for PBXNativeTarget "Ring-projectUITests" */;
			buildPhases = (
				8DD2A62C2B7E04B1008772F4 /* Sources */,
				8DD2A62D2B7E04B1008772F4 /* Frameworks */,
				8DD2A62E2B7E04B1008772F4 /* Resources */,
			);
			buildRules = (
			);
			dependencies = (
				8DD2A6322B7E04B1008772F4 /* PBXTargetDependency */,
			);
			name = "Ring-projectUITests";
			productName = "Ring-projectUITests";
			productReference = 8DD2A6302B7E04B1008772F4 /* Ring-projectUITests.xctest */;
			productType = "com.apple.product-type.bundle.ui-testing";
		};
/* End PBXNativeTarget section */

/* Begin PBXProject section */
		8DD2A60D2B7E04AE008772F4 /* Project object */ = {
			isa = PBXProject;
			attributes = {
				BuildIndependentTargetsInParallel = 1;
				LastSwiftUpdateCheck = 1520;
				LastUpgradeCheck = 1520;
				TargetAttributes = {
					8DD2A6142B7E04AE008772F4 = {
						CreatedOnToolsVersion = 15.2;
						LastSwiftMigration = 1520;
					};
					8DD2A6252B7E04B1008772F4 = {
						CreatedOnToolsVersion = 15.2;
						TestTargetID = 8DD2A6142B7E04AE008772F4;
					};
					8DD2A62F2B7E04B1008772F4 = {
						CreatedOnToolsVersion = 15.2;
						TestTargetID = 8DD2A6142B7E04AE008772F4;
					};
				};
			};
			buildConfigurationList = 8DD2A6102B7E04AE008772F4 /* Build configuration list for PBXProject "Ring-project" */;
			compatibilityVersion = "Xcode 14.0";
			developmentRegion = en;
			hasScannedForEncodings = 0;
			knownRegions = (
				en,
				Base,
			);
			mainGroup = 8DD2A60C2B7E04AE008772F4;
			packageReferences = (
				8D9A556D2B95730100F4E85F /* XCRemoteSwiftPackageReference "PythonKit" */,
			);
			productRefGroup = 8DD2A6162B7E04AE008772F4 /* Products */;
			projectDirPath = "";
			projectRoot = "";
			targets = (
				8DD2A6142B7E04AE008772F4 /* Ring-project */,
				8DD2A6252B7E04B1008772F4 /* Ring-projectTests */,
				8DD2A62F2B7E04B1008772F4 /* Ring-projectUITests */,
			);
		};
/* End PBXProject section */

/* Begin PBXResourcesBuildPhase section */
		8DD2A6132B7E04AE008772F4 /* Resources */ = {
			isa = PBXResourcesBuildPhase;
			buildActionMask = 2147483647;
			files = (
				8DBFB75C2BB095EA0024645F /* ring_dinov2_nearestinterp_nocrop.ort in Resources */,
				8DBFB75D2BB3CCBD0024645F /* Data in Resources */,
				8DD2A6212B7E04B0008772F4 /* Preview Assets.xcassets in Resources */,
				8DD2A61D2B7E04B0008772F4 /* Assets.xcassets in Resources */,
			);
			runOnlyForDeploymentPostprocessing = 0;
		};
		8DD2A6242B7E04B1008772F4 /* Resources */ = {
			isa = PBXResourcesBuildPhase;
			buildActionMask = 2147483647;
			files = (
			);
			runOnlyForDeploymentPostprocessing = 0;
		};
		8DD2A62E2B7E04B1008772F4 /* Resources */ = {
			isa = PBXResourcesBuildPhase;
			buildActionMask = 2147483647;
			files = (
			);
			runOnlyForDeploymentPostprocessing = 0;
		};
/* End PBXResourcesBuildPhase section */

/* Begin PBXSourcesBuildPhase section */
		8DD2A6112B7E04AE008772F4 /* Sources */ = {
			isa = PBXSourcesBuildPhase;
			buildActionMask = 2147483647;
			files = (
				8D946F9C2BBC57F500EFF8DE /* RouterPicker.swift in Sources */,
				8D946F8F2BBC576000EFF8DE /* ServicesNow.swift in Sources */,
				8D946FA02BBC581B00EFF8DE /* EmbeddingModel.swift in Sources */,
				8D946F982BBC57DA00EFF8DE /* MLHandler.swift in Sources */,
				8D946F8D2BBC574F00EFF8DE /* MusicPlayer.swift in Sources */,
				8D946FA32BBC5A6800EFF8DE /* best_75.mlpackage in Sources */,
				8D946F872BBC56EC00EFF8DE /* HomeView.swift in Sources */,
				8DD2A6462B7E8892008772F4 /* ORTDinoModel.swift in Sources */,
				8D946F962BBC57D000EFF8DE /* BluetoothManager.swift in Sources */,
				8DD2A61B2B7E04AE008772F4 /* ContentView.swift in Sources */,
				8D946F832BBC56B600EFF8DE /* RoutePickerView.swift in Sources */,
				8D946F892BBC572700EFF8DE /* ControlView.swift in Sources */,
				8D946F7F2BBC567B00EFF8DE /* ScanView.swift in Sources */,
				8D946F9A2BBC57EB00EFF8DE /* MusicModel.swift in Sources */,
				8D946F812BBC56A000EFF8DE /* SelectButton.swift in Sources */,
				8D946F912BBC576F00EFF8DE /* CharacteristicsView.swift in Sources */,
				8D946F942BBC57C200EFF8DE /* HomeStore.swift in Sources */,
				8D946F852BBC56CA00EFF8DE /* OutlinedButtonStyle.swift in Sources */,
				8D946F7D2BBC566000EFF8DE /* SetUpView.swift in Sources */,
				8DD2A6192B7E04AE008772F4 /* Ring_projectApp.swift in Sources */,
			);
			runOnlyForDeploymentPostprocessing = 0;
		};
		8DD2A6222B7E04B1008772F4 /* Sources */ = {
			isa = PBXSourcesBuildPhase;
			buildActionMask = 2147483647;
			files = (
				8DD2A62B2B7E04B1008772F4 /* Ring_projectTests.swift in Sources */,
			);
			runOnlyForDeploymentPostprocessing = 0;
		};
		8DD2A62C2B7E04B1008772F4 /* Sources */ = {
			isa = PBXSourcesBuildPhase;
			buildActionMask = 2147483647;
			files = (
				8DD2A6372B7E04B1008772F4 /* Ring_projectUITestsLaunchTests.swift in Sources */,
				8DD2A6352B7E04B1008772F4 /* Ring_projectUITests.swift in Sources */,
			);
			runOnlyForDeploymentPostprocessing = 0;
		};
/* End PBXSourcesBuildPhase section */

/* Begin PBXTargetDependency section */
		8DD2A6282B7E04B1008772F4 /* PBXTargetDependency */ = {
			isa = PBXTargetDependency;
			target = 8DD2A6142B7E04AE008772F4 /* Ring-project */;
			targetProxy = 8DD2A6272B7E04B1008772F4 /* PBXContainerItemProxy */;
		};
		8DD2A6322B7E04B1008772F4 /* PBXTargetDependency */ = {
			isa = PBXTargetDependency;
			target = 8DD2A6142B7E04AE008772F4 /* Ring-project */;
			targetProxy = 8DD2A6312B7E04B1008772F4 /* PBXContainerItemProxy */;
		};
/* End PBXTargetDependency section */

/* Begin XCBuildConfiguration section */
		8DD2A6382B7E04B1008772F4 /* Debug */ = {
			isa = XCBuildConfiguration;
			buildSettings = {
				ALWAYS_SEARCH_USER_PATHS = NO;
				ASSETCATALOG_COMPILER_GENERATE_SWIFT_ASSET_SYMBOL_EXTENSIONS = YES;
				CLANG_ANALYZER_NONNULL = YES;
				CLANG_ANALYZER_NUMBER_OBJECT_CONVERSION = YES_AGGRESSIVE;
				CLANG_CXX_LANGUAGE_STANDARD = "gnu++20";
				CLANG_ENABLE_MODULES = YES;
				CLANG_ENABLE_OBJC_ARC = YES;
				CLANG_ENABLE_OBJC_WEAK = YES;
				CLANG_WARN_BLOCK_CAPTURE_AUTORELEASING = YES;
				CLANG_WARN_BOOL_CONVERSION = YES;
				CLANG_WARN_COMMA = YES;
				CLANG_WARN_CONSTANT_CONVERSION = YES;
				CLANG_WARN_DEPRECATED_OBJC_IMPLEMENTATIONS = YES;
				CLANG_WARN_DIRECT_OBJC_ISA_USAGE = YES_ERROR;
				CLANG_WARN_DOCUMENTATION_COMMENTS = YES;
				CLANG_WARN_EMPTY_BODY = YES;
				CLANG_WARN_ENUM_CONVERSION = YES;
				CLANG_WARN_INFINITE_RECURSION = YES;
				CLANG_WARN_INT_CONVERSION = YES;
				CLANG_WARN_NON_LITERAL_NULL_CONVERSION = YES;
				CLANG_WARN_OBJC_IMPLICIT_RETAIN_SELF = YES;
				CLANG_WARN_OBJC_LITERAL_CONVERSION = YES;
				CLANG_WARN_OBJC_ROOT_CLASS = YES_ERROR;
				CLANG_WARN_QUOTED_INCLUDE_IN_FRAMEWORK_HEADER = YES;
				CLANG_WARN_RANGE_LOOP_ANALYSIS = YES;
				CLANG_WARN_STRICT_PROTOTYPES = YES;
				CLANG_WARN_SUSPICIOUS_MOVE = YES;
				CLANG_WARN_UNGUARDED_AVAILABILITY = YES_AGGRESSIVE;
				CLANG_WARN_UNREACHABLE_CODE = YES;
				CLANG_WARN__DUPLICATE_METHOD_MATCH = YES;
				COPY_PHASE_STRIP = NO;
				DEBUG_INFORMATION_FORMAT = dwarf;
				ENABLE_STRICT_OBJC_MSGSEND = YES;
				ENABLE_TESTABILITY = YES;
				ENABLE_USER_SCRIPT_SANDBOXING = YES;
				GCC_C_LANGUAGE_STANDARD = gnu17;
				GCC_DYNAMIC_NO_PIC = NO;
				GCC_NO_COMMON_BLOCKS = YES;
				GCC_OPTIMIZATION_LEVEL = 0;
				GCC_PREPROCESSOR_DEFINITIONS = (
					"DEBUG=1",
					"$(inherited)",
				);
				GCC_WARN_64_TO_32_BIT_CONVERSION = YES;
				GCC_WARN_ABOUT_RETURN_TYPE = YES_ERROR;
				GCC_WARN_UNDECLARED_SELECTOR = YES;
				GCC_WARN_UNINITIALIZED_AUTOS = YES_AGGRESSIVE;
				GCC_WARN_UNUSED_FUNCTION = YES;
				GCC_WARN_UNUSED_VARIABLE = YES;
				LOCALIZATION_PREFERS_STRING_CATALOGS = YES;
				MTL_ENABLE_DEBUG_INFO = INCLUDE_SOURCE;
				MTL_FAST_MATH = YES;
				ONLY_ACTIVE_ARCH = YES;
				SWIFT_ACTIVE_COMPILATION_CONDITIONS = "DEBUG $(inherited)";
				SWIFT_OPTIMIZATION_LEVEL = "-Onone";
			};
			name = Debug;
		};
		8DD2A6392B7E04B1008772F4 /* Release */ = {
			isa = XCBuildConfiguration;
			buildSettings = {
				ALWAYS_SEARCH_USER_PATHS = NO;
				ASSETCATALOG_COMPILER_GENERATE_SWIFT_ASSET_SYMBOL_EXTENSIONS = YES;
				CLANG_ANALYZER_NONNULL = YES;
				CLANG_ANALYZER_NUMBER_OBJECT_CONVERSION = YES_AGGRESSIVE;
				CLANG_CXX_LANGUAGE_STANDARD = "gnu++20";
				CLANG_ENABLE_MODULES = YES;
				CLANG_ENABLE_OBJC_ARC = YES;
				CLANG_ENABLE_OBJC_WEAK = YES;
				CLANG_WARN_BLOCK_CAPTURE_AUTORELEASING = YES;
				CLANG_WARN_BOOL_CONVERSION = YES;
				CLANG_WARN_COMMA = YES;
				CLANG_WARN_CONSTANT_CONVERSION = YES;
				CLANG_WARN_DEPRECATED_OBJC_IMPLEMENTATIONS = YES;
				CLANG_WARN_DIRECT_OBJC_ISA_USAGE = YES_ERROR;
				CLANG_WARN_DOCUMENTATION_COMMENTS = YES;
				CLANG_WARN_EMPTY_BODY = YES;
				CLANG_WARN_ENUM_CONVERSION = YES;
				CLANG_WARN_INFINITE_RECURSION = YES;
				CLANG_WARN_INT_CONVERSION = YES;
				CLANG_WARN_NON_LITERAL_NULL_CONVERSION = YES;
				CLANG_WARN_OBJC_IMPLICIT_RETAIN_SELF = YES;
				CLANG_WARN_OBJC_LITERAL_CONVERSION = YES;
				CLANG_WARN_OBJC_ROOT_CLASS = YES_ERROR;
				CLANG_WARN_QUOTED_INCLUDE_IN_FRAMEWORK_HEADER = YES;
				CLANG_WARN_RANGE_LOOP_ANALYSIS = YES;
				CLANG_WARN_STRICT_PROTOTYPES = YES;
				CLANG_WARN_SUSPICIOUS_MOVE = YES;
				CLANG_WARN_UNGUARDED_AVAILABILITY = YES_AGGRESSIVE;
				CLANG_WARN_UNREACHABLE_CODE = YES;
				CLANG_WARN__DUPLICATE_METHOD_MATCH = YES;
				COPY_PHASE_STRIP = NO;
				DEBUG_INFORMATION_FORMAT = "dwarf-with-dsym";
				ENABLE_NS_ASSERTIONS = NO;
				ENABLE_STRICT_OBJC_MSGSEND = YES;
				ENABLE_USER_SCRIPT_SANDBOXING = YES;
				GCC_C_LANGUAGE_STANDARD = gnu17;
				GCC_NO_COMMON_BLOCKS = YES;
				GCC_WARN_64_TO_32_BIT_CONVERSION = YES;
				GCC_WARN_ABOUT_RETURN_TYPE = YES_ERROR;
				GCC_WARN_UNDECLARED_SELECTOR = YES;
				GCC_WARN_UNINITIALIZED_AUTOS = YES_AGGRESSIVE;
				GCC_WARN_UNUSED_FUNCTION = YES;
				GCC_WARN_UNUSED_VARIABLE = YES;
				LOCALIZATION_PREFERS_STRING_CATALOGS = YES;
				MTL_ENABLE_DEBUG_INFO = NO;
				MTL_FAST_MATH = YES;
				SWIFT_COMPILATION_MODE = wholemodule;
			};
			name = Release;
		};
		8DD2A63B2B7E04B1008772F4 /* Debug */ = {
			isa = XCBuildConfiguration;
			buildSettings = {
				ASSETCATALOG_COMPILER_APPICON_NAME = AppIcon;
				ASSETCATALOG_COMPILER_GLOBAL_ACCENT_COLOR_NAME = AccentColor;
				CLANG_ENABLE_MODULES = YES;
				CODE_SIGN_ENTITLEMENTS = "Ring-project/Ring_project.entitlements";
				CODE_SIGN_STYLE = Automatic;
				CURRENT_PROJECT_VERSION = 1;
				DEVELOPMENT_ASSET_PATHS = "\"Ring-project/Preview Content\"";
				DEVELOPMENT_TEAM = 7BYH4HTJ4D;
				ENABLE_HARDENED_RUNTIME = NO;
				ENABLE_PREVIEWS = YES;
				GENERATE_INFOPLIST_FILE = YES;
				INFOPLIST_FILE = "Ring-project/Info.plist";
				INFOPLIST_KEY_LSApplicationCategoryType = "";
				INFOPLIST_KEY_NSAppleMusicUsageDescription = "requires music usage";
				INFOPLIST_KEY_NSBluetoothAlwaysUsageDescription = "App requires bluetooth";
				INFOPLIST_KEY_NSHomeKitUsageDescription = "App will require HomeKit integration for controlling devices";
				INFOPLIST_KEY_NSPhotoLibraryAddUsageDescription = "Requires photos";
				"INFOPLIST_KEY_UIApplicationSceneManifest_Generation[sdk=iphoneos*]" = YES;
				"INFOPLIST_KEY_UIApplicationSceneManifest_Generation[sdk=iphonesimulator*]" = YES;
				"INFOPLIST_KEY_UIApplicationSupportsIndirectInputEvents[sdk=iphoneos*]" = YES;
				"INFOPLIST_KEY_UIApplicationSupportsIndirectInputEvents[sdk=iphonesimulator*]" = YES;
				INFOPLIST_KEY_UILaunchScreen_Generation = YES;
				"INFOPLIST_KEY_UILaunchScreen_Generation[sdk=iphoneos*]" = YES;
				"INFOPLIST_KEY_UILaunchScreen_Generation[sdk=iphonesimulator*]" = YES;
				"INFOPLIST_KEY_UIStatusBarStyle[sdk=iphoneos*]" = UIStatusBarStyleDefault;
				"INFOPLIST_KEY_UIStatusBarStyle[sdk=iphonesimulator*]" = UIStatusBarStyleDefault;
				INFOPLIST_KEY_UISupportedInterfaceOrientations_iPad = "UIInterfaceOrientationPortrait UIInterfaceOrientationPortraitUpsideDown UIInterfaceOrientationLandscapeLeft UIInterfaceOrientationLandscapeRight";
				INFOPLIST_KEY_UISupportedInterfaceOrientations_iPhone = "UIInterfaceOrientationPortrait UIInterfaceOrientationLandscapeLeft UIInterfaceOrientationLandscapeRight";
				IPHONEOS_DEPLOYMENT_TARGET = 17.2;
				LD_RUNPATH_SEARCH_PATHS = "@executable_path/Frameworks";
				"LD_RUNPATH_SEARCH_PATHS[sdk=macosx*]" = "@executable_path/../Frameworks";
				MACOSX_DEPLOYMENT_TARGET = 14.2;
				MARKETING_VERSION = 1.0;
				PRODUCT_BUNDLE_IDENTIFIER = "com.MobIntel.Lucas.Ring-project";
				PRODUCT_NAME = "$(TARGET_NAME)";
				SDKROOT = auto;
				SUPPORTED_PLATFORMS = "iphoneos iphonesimulator";
				SUPPORTS_MACCATALYST = NO;
				SUPPORTS_MAC_DESIGNED_FOR_IPHONE_IPAD = YES;
				SWIFT_EMIT_LOC_STRINGS = YES;
				SWIFT_OPTIMIZATION_LEVEL = "-Onone";
				SWIFT_VERSION = 5.0;
				TARGETED_DEVICE_FAMILY = "1,2";
			};
			name = Debug;
		};
		8DD2A63C2B7E04B1008772F4 /* Release */ = {
			isa = XCBuildConfiguration;
			buildSettings = {
				ASSETCATALOG_COMPILER_APPICON_NAME = AppIcon;
				ASSETCATALOG_COMPILER_GLOBAL_ACCENT_COLOR_NAME = AccentColor;
				CLANG_ENABLE_MODULES = YES;
				CODE_SIGN_ENTITLEMENTS = "Ring-project/Ring_project.entitlements";
				CODE_SIGN_STYLE = Automatic;
				CURRENT_PROJECT_VERSION = 1;
				DEVELOPMENT_ASSET_PATHS = "\"Ring-project/Preview Content\"";
				DEVELOPMENT_TEAM = 7BYH4HTJ4D;
				ENABLE_HARDENED_RUNTIME = NO;
				ENABLE_PREVIEWS = YES;
				GENERATE_INFOPLIST_FILE = YES;
				INFOPLIST_FILE = "Ring-project/Info.plist";
				INFOPLIST_KEY_LSApplicationCategoryType = "";
				INFOPLIST_KEY_NSAppleMusicUsageDescription = "requires music usage";
				INFOPLIST_KEY_NSBluetoothAlwaysUsageDescription = "App requires bluetooth";
				INFOPLIST_KEY_NSHomeKitUsageDescription = "App will require HomeKit integration for controlling devices";
				INFOPLIST_KEY_NSPhotoLibraryAddUsageDescription = "Requires photos";
				"INFOPLIST_KEY_UIApplicationSceneManifest_Generation[sdk=iphoneos*]" = YES;
				"INFOPLIST_KEY_UIApplicationSceneManifest_Generation[sdk=iphonesimulator*]" = YES;
				"INFOPLIST_KEY_UIApplicationSupportsIndirectInputEvents[sdk=iphoneos*]" = YES;
				"INFOPLIST_KEY_UIApplicationSupportsIndirectInputEvents[sdk=iphonesimulator*]" = YES;
				INFOPLIST_KEY_UILaunchScreen_Generation = YES;
				"INFOPLIST_KEY_UILaunchScreen_Generation[sdk=iphoneos*]" = YES;
				"INFOPLIST_KEY_UILaunchScreen_Generation[sdk=iphonesimulator*]" = YES;
				"INFOPLIST_KEY_UIStatusBarStyle[sdk=iphoneos*]" = UIStatusBarStyleDefault;
				"INFOPLIST_KEY_UIStatusBarStyle[sdk=iphonesimulator*]" = UIStatusBarStyleDefault;
				INFOPLIST_KEY_UISupportedInterfaceOrientations_iPad = "UIInterfaceOrientationPortrait UIInterfaceOrientationPortraitUpsideDown UIInterfaceOrientationLandscapeLeft UIInterfaceOrientationLandscapeRight";
				INFOPLIST_KEY_UISupportedInterfaceOrientations_iPhone = "UIInterfaceOrientationPortrait UIInterfaceOrientationLandscapeLeft UIInterfaceOrientationLandscapeRight";
				IPHONEOS_DEPLOYMENT_TARGET = 17.2;
				LD_RUNPATH_SEARCH_PATHS = "@executable_path/Frameworks";
				"LD_RUNPATH_SEARCH_PATHS[sdk=macosx*]" = "@executable_path/../Frameworks";
				MACOSX_DEPLOYMENT_TARGET = 14.2;
				MARKETING_VERSION = 1.0;
				PRODUCT_BUNDLE_IDENTIFIER = "com.MobIntel.Lucas.Ring-project";
				PRODUCT_NAME = "$(TARGET_NAME)";
				SDKROOT = auto;
				SUPPORTED_PLATFORMS = "iphoneos iphonesimulator";
				SUPPORTS_MACCATALYST = NO;
				SUPPORTS_MAC_DESIGNED_FOR_IPHONE_IPAD = YES;
				SWIFT_EMIT_LOC_STRINGS = YES;
				SWIFT_VERSION = 5.0;
				TARGETED_DEVICE_FAMILY = "1,2";
			};
			name = Release;
		};
		8DD2A63E2B7E04B1008772F4 /* Debug */ = {
			isa = XCBuildConfiguration;
			buildSettings = {
				ALWAYS_EMBED_SWIFT_STANDARD_LIBRARIES = YES;
				BUNDLE_LOADER = "$(TEST_HOST)";
				CODE_SIGN_STYLE = Automatic;
				CURRENT_PROJECT_VERSION = 1;
				DEVELOPMENT_TEAM = 9BN669479Y;
				GENERATE_INFOPLIST_FILE = YES;
				IPHONEOS_DEPLOYMENT_TARGET = 17.2;
				MACOSX_DEPLOYMENT_TARGET = 14.2;
				MARKETING_VERSION = 1.0;
				PRODUCT_BUNDLE_IDENTIFIER = "com.MobIntel.Ring-projectTests";
				PRODUCT_NAME = "$(TARGET_NAME)";
				SDKROOT = auto;
				SUPPORTED_PLATFORMS = "iphoneos iphonesimulator macosx";
				SWIFT_EMIT_LOC_STRINGS = NO;
				SWIFT_VERSION = 5.0;
				TARGETED_DEVICE_FAMILY = "1,2";
				TEST_HOST = "$(BUILT_PRODUCTS_DIR)/Ring-project.app/$(BUNDLE_EXECUTABLE_FOLDER_PATH)/Ring-project";
			};
			name = Debug;
		};
		8DD2A63F2B7E04B1008772F4 /* Release */ = {
			isa = XCBuildConfiguration;
			buildSettings = {
				ALWAYS_EMBED_SWIFT_STANDARD_LIBRARIES = YES;
				BUNDLE_LOADER = "$(TEST_HOST)";
				CODE_SIGN_STYLE = Automatic;
				CURRENT_PROJECT_VERSION = 1;
				DEVELOPMENT_TEAM = 9BN669479Y;
				GENERATE_INFOPLIST_FILE = YES;
				IPHONEOS_DEPLOYMENT_TARGET = 17.2;
				MACOSX_DEPLOYMENT_TARGET = 14.2;
				MARKETING_VERSION = 1.0;
				PRODUCT_BUNDLE_IDENTIFIER = "com.MobIntel.Ring-projectTests";
				PRODUCT_NAME = "$(TARGET_NAME)";
				SDKROOT = auto;
				SUPPORTED_PLATFORMS = "iphoneos iphonesimulator macosx";
				SWIFT_EMIT_LOC_STRINGS = NO;
				SWIFT_VERSION = 5.0;
				TARGETED_DEVICE_FAMILY = "1,2";
				TEST_HOST = "$(BUILT_PRODUCTS_DIR)/Ring-project.app/$(BUNDLE_EXECUTABLE_FOLDER_PATH)/Ring-project";
			};
			name = Release;
		};
		8DD2A6412B7E04B1008772F4 /* Debug */ = {
			isa = XCBuildConfiguration;
			buildSettings = {
				ALWAYS_EMBED_SWIFT_STANDARD_LIBRARIES = YES;
				CODE_SIGN_STYLE = Automatic;
				CURRENT_PROJECT_VERSION = 1;
				DEVELOPMENT_TEAM = 9BN669479Y;
				GENERATE_INFOPLIST_FILE = YES;
				IPHONEOS_DEPLOYMENT_TARGET = 17.2;
				MACOSX_DEPLOYMENT_TARGET = 14.2;
				MARKETING_VERSION = 1.0;
				PRODUCT_BUNDLE_IDENTIFIER = "com.MobIntel.Ring-projectUITests";
				PRODUCT_NAME = "$(TARGET_NAME)";
				SDKROOT = auto;
				SUPPORTED_PLATFORMS = "iphoneos iphonesimulator macosx";
				SWIFT_EMIT_LOC_STRINGS = NO;
				SWIFT_VERSION = 5.0;
				TARGETED_DEVICE_FAMILY = "1,2";
				TEST_TARGET_NAME = "Ring-project";
			};
			name = Debug;
		};
		8DD2A6422B7E04B1008772F4 /* Release */ = {
			isa = XCBuildConfiguration;
			buildSettings = {
				ALWAYS_EMBED_SWIFT_STANDARD_LIBRARIES = YES;
				CODE_SIGN_STYLE = Automatic;
				CURRENT_PROJECT_VERSION = 1;
				DEVELOPMENT_TEAM = 9BN669479Y;
				GENERATE_INFOPLIST_FILE = YES;
				IPHONEOS_DEPLOYMENT_TARGET = 17.2;
				MACOSX_DEPLOYMENT_TARGET = 14.2;
				MARKETING_VERSION = 1.0;
				PRODUCT_BUNDLE_IDENTIFIER = "com.MobIntel.Ring-projectUITests";
				PRODUCT_NAME = "$(TARGET_NAME)";
				SDKROOT = auto;
				SUPPORTED_PLATFORMS = "iphoneos iphonesimulator macosx";
				SWIFT_EMIT_LOC_STRINGS = NO;
				SWIFT_VERSION = 5.0;
				TARGETED_DEVICE_FAMILY = "1,2";
				TEST_TARGET_NAME = "Ring-project";
			};
			name = Release;
		};
/* End XCBuildConfiguration section */

/* Begin XCConfigurationList section */
		8DD2A6102B7E04AE008772F4 /* Build configuration list for PBXProject "Ring-project" */ = {
			isa = XCConfigurationList;
			buildConfigurations = (
				8DD2A6382B7E04B1008772F4 /* Debug */,
				8DD2A6392B7E04B1008772F4 /* Release */,
			);
			defaultConfigurationIsVisible = 0;
			defaultConfigurationName = Release;
		};
		8DD2A63A2B7E04B1008772F4 /* Build configuration list for PBXNativeTarget "Ring-project" */ = {
			isa = XCConfigurationList;
			buildConfigurations = (
				8DD2A63B2B7E04B1008772F4 /* Debug */,
				8DD2A63C2B7E04B1008772F4 /* Release */,
			);
			defaultConfigurationIsVisible = 0;
			defaultConfigurationName = Release;
		};
		8DD2A63D2B7E04B1008772F4 /* Build configuration list for PBXNativeTarget "Ring-projectTests" */ = {
			isa = XCConfigurationList;
			buildConfigurations = (
				8DD2A63E2B7E04B1008772F4 /* Debug */,
				8DD2A63F2B7E04B1008772F4 /* Release */,
			);
			defaultConfigurationIsVisible = 0;
			defaultConfigurationName = Release;
		};
		8DD2A6402B7E04B1008772F4 /* Build configuration list for PBXNativeTarget "Ring-projectUITests" */ = {
			isa = XCConfigurationList;
			buildConfigurations = (
				8DD2A6412B7E04B1008772F4 /* Debug */,
				8DD2A6422B7E04B1008772F4 /* Release */,
			);
			defaultConfigurationIsVisible = 0;
			defaultConfigurationName = Release;
		};
/* End XCConfigurationList section */

/* Begin XCRemoteSwiftPackageReference section */
		8D9A556D2B95730100F4E85F /* XCRemoteSwiftPackageReference "PythonKit" */ = {
			isa = XCRemoteSwiftPackageReference;
			repositoryURL = "https://github.com/pvieito/PythonKit.git";
			requirement = {
				branch = master;
				kind = branch;
			};
		};
/* End XCRemoteSwiftPackageReference section */

/* Begin XCSwiftPackageProductDependency section */
		8D9A556E2B95730100F4E85F /* PythonKit */ = {
			isa = XCSwiftPackageProductDependency;
			package = 8D9A556D2B95730100F4E85F /* XCRemoteSwiftPackageReference "PythonKit" */;
			productName = PythonKit;
		};
/* End XCSwiftPackageProductDependency section */
	};
	rootObject = 8DD2A60D2B7E04AE008772F4 /* Project object */;
}
