// !$*UTF8*$!
{
	archiveVersion = 1;
	classes = {
	};
	objectVersion = 56;
	objects = {

/* Begin PBXBuildFile section */
		8DD2A6192B7E04AE008772F4 /* Ring_projectApp.swift in Sources */ = {isa = PBXBuildFile; fileRef = 8DD2A6182B7E04AE008772F4 /* Ring_projectApp.swift */; };
		8DD2A61B2B7E04AE008772F4 /* ContentView.swift in Sources */ = {isa = PBXBuildFile; fileRef = 8DD2A61A2B7E04AE008772F4 /* ContentView.swift */; };
		8DD2A61D2B7E04B0008772F4 /* Assets.xcassets in Resources */ = {isa = PBXBuildFile; fileRef = 8DD2A61C2B7E04B0008772F4 /* Assets.xcassets */; };
		8DD2A6212B7E04B0008772F4 /* Preview Assets.xcassets in Resources */ = {isa = PBXBuildFile; fileRef = 8DD2A6202B7E04B0008772F4 /* Preview Assets.xcassets */; };
		8DD2A62B2B7E04B1008772F4 /* Ring_projectTests.swift in Sources */ = {isa = PBXBuildFile; fileRef = 8DD2A62A2B7E04B1008772F4 /* Ring_projectTests.swift */; };
		8DD2A6352B7E04B1008772F4 /* Ring_projectUITests.swift in Sources */ = {isa = PBXBuildFile; fileRef = 8DD2A6342B7E04B1008772F4 /* Ring_projectUITests.swift */; };
		8DD2A6372B7E04B1008772F4 /* Ring_projectUITestsLaunchTests.swift in Sources */ = {isa = PBXBuildFile; fileRef = 8DD2A6362B7E04B1008772F4 /* Ring_projectUITestsLaunchTests.swift */; };
/* End PBXBuildFile section */

/* Begin PBXContainerItemProxy section */
		8DD2A6272B7E04B1008772F4 /* PBXContainerItemProxy */ = {
			isa = PBXContainerItemProxy;
			containerPortal = 8DD2A60D2B7E04AE008772F4 /* Project object */;
			proxyType = 1;
			remoteGlobalIDString = 8DD2A6142B7E04AE008772F4;
			remoteInfo = "Ring-project";
		};
		8DD2A6312B7E04B1008772F4 /* PBXContainerItemProxy */ = {
			isa = PBXContainerItemProxy;
			containerPortal = 8DD2A60D2B7E04AE008772F4 /* Project object */;
			proxyType = 1;
			remoteGlobalIDString = 8DD2A6142B7E04AE008772F4;
			remoteInfo = "Ring-project";
		};
/* End PBXContainerItemProxy section */

/* Begin PBXFileReference section */
		8DD2A6152B7E04AE008772F4 /* Ring-project.app */ = {isa = PBXFileReference; explicitFileType = wrapper.application; includeInIndex = 0; path = "Ring-project.app"; sourceTree = BUILT_PRODUCTS_DIR; };
		8DD2A6182B7E04AE008772F4 /* Ring_projectApp.swift */ = {isa = PBXFileReference; lastKnownFileType = sourcecode.swift; path = Ring_projectApp.swift; sourceTree = "<group>"; };
		8DD2A61A2B7E04AE008772F4 /* ContentView.swift */ = {isa = PBXFileReference; lastKnownFileType = sourcecode.swift; path = ContentView.swift; sourceTree = "<group>"; };
		8DD2A61C2B7E04B0008772F4 /* Assets.xcassets */ = {isa = PBXFileReference; lastKnownFileType = folder.assetcatalog; path = Assets.xcassets; sourceTree = "<group>"; };
		8DD2A61E2B7E04B0008772F4 /* Ring_project.entitlements */ = {isa = PBXFileReference; lastKnownFileType = text.plist.entitlements; path = Ring_project.entitlements; sourceTree = "<group>"; };
		8DD2A6202B7E04B0008772F4 /* Preview Assets.xcassets */ = {isa = PBXFileReference; lastKnownFileType = folder.assetcatalog; path = "Preview Assets.xcassets"; sourceTree = "<group>"; };
		8DD2A6262B7E04B1008772F4 /* Ring-projectTests.xctest */ = {isa = PBXFileReference; explicitFileType = wrapper.cfbundle; includeInIndex = 0; path = "Ring-projectTests.xctest"; sourceTree = BUILT_PRODUCTS_DIR; };
		8DD2A62A2B7E04B1008772F4 /* Ring_projectTests.swift */ = {isa = PBXFileReference; lastKnownFileType = sourcecode.swift; path = Ring_projectTests.swift; sourceTree = "<group>"; };
		8DD2A6302B7E04B1008772F4 /* Ring-projectUITests.xctest */ = {isa = PBXFileReference; explicitFileType = wrapper.cfbundle; includeInIndex = 0; path = "Ring-projectUITests.xctest"; sourceTree = BUILT_PRODUCTS_DIR; };
		8DD2A6342B7E04B1008772F4 /* Ring_projectUITests.swift */ = {isa = PBXFileReference; lastKnownFileType = sourcecode.swift; path = Ring_projectUITests.swift; sourceTree = "<group>"; };
		8DD2A6362B7E04B1008772F4 /* Ring_projectUITestsLaunchTests.swift */ = {isa = PBXFileReference; lastKnownFileType = sourcecode.swift; path = Ring_projectUITestsLaunchTests.swift; sourceTree = "<group>"; };
/* End PBXFileReference section */

/* Begin PBXFrameworksBuildPhase section */
		8DD2A6122B7E04AE008772F4 /* Frameworks */ = {
			isa = PBXFrameworksBuildPhase;
			buildActionMask = 2147483647;
			files = (
			);
			runOnlyForDeploymentPostprocessing = 0;
		};
		8DD2A6232B7E04B1008772F4 /* Frameworks */ = {
			isa = PBXFrameworksBuildPhase;
			buildActionMask = 2147483647;
			files = (
			);
			runOnlyForDeploymentPostprocessing = 0;
		};
		8DD2A62D2B7E04B1008772F4 /* Frameworks */ = {
			isa = PBXFrameworksBuildPhase;
			buildActionMask = 2147483647;
			files = (
			);
			runOnlyForDeploymentPostprocessing = 0;
		};
/* End PBXFrameworksBuildPhase section */

/* Begin PBXGroup section */
		8DD2A60C2B7E04AE008772F4 = {
			isa = PBXGroup;
			children = (
				8DD2A6172B7E04AE008772F4 /* Ring-project */,
				8DD2A6292B7E04B1008772F4 /* Ring-projectTests */,
				8DD2A6332B7E04B1008772F4 /* Ring-projectUITests */,
				8DD2A6162B7E04AE008772F4 /* Products */,
			);
			sourceTree = "<group>";
		};
		8DD2A6162B7E04AE008772F4 /* Products */ = {
			isa = PBXGroup;
			children = (
				8DD2A6152B7E04AE008772F4 /* Ring-project.app */,
				8DD2A6262B7E04B1008772F4 /* Ring-projectTests.xctest */,
				8DD2A6302B7E04B1008772F4 /* Ring-projectUITests.xctest */,
			);
			name = Products;
			sourceTree = "<group>";
		};
		8DD2A6172B7E04AE008772F4 /* Ring-project */ = {
			isa = PBXGroup;
			children = (
				8DD2A6182B7E04AE008772F4 /* Ring_projectApp.swift */,
				8DD2A61A2B7E04AE008772F4 /* ContentView.swift */,
				8DD2A61C2B7E04B0008772F4 /* Assets.xcassets */,
				8DD2A61E2B7E04B0008772F4 /* Ring_project.entitlements */,
				8DD2A61F2B7E04B0008772F4 /* Preview Content */,
			);
			path = "Ring-project";
			sourceTree = "<group>";
		};
		8DD2A61F2B7E04B0008772F4 /* Preview Content */ = {
			isa = PBXGroup;
			children = (
				8DD2A6202B7E04B0008772F4 /* Preview Assets.xcassets */,
			);
			path = "Preview Content";
			sourceTree = "<group>";
		};
		8DD2A6292B7E04B1008772F4 /* Ring-projectTests */ = {
			isa = PBXGroup;
			children = (
				8DD2A62A2B7E04B1008772F4 /* Ring_projectTests.swift */,
			);
			path = "Ring-projectTests";
			sourceTree = "<group>";
		};
		8DD2A6332B7E04B1008772F4 /* Ring-projectUITests */ = {
			isa = PBXGroup;
			children = (
				8DD2A6342B7E04B1008772F4 /* Ring_projectUITests.swift */,
				8DD2A6362B7E04B1008772F4 /* Ring_projectUITestsLaunchTests.swift */,
			);
			path = "Ring-projectUITests";
			sourceTree = "<group>";
		};
/* End PBXGroup section */

/* Begin PBXNativeTarget section */
		8DD2A6142B7E04AE008772F4 /* Ring-project */ = {
			isa = PBXNativeTarget;
			buildConfigurationList = 8DD2A63A2B7E04B1008772F4 /* Build configuration list for PBXNativeTarget "Ring-project" */;
			buildPhases = (
				8DD2A6112B7E04AE008772F4 /* Sources */,
				8DD2A6122B7E04AE008772F4 /* Frameworks */,
				8DD2A6132B7E04AE008772F4 /* Resources */,
			);
			buildRules = (
			);
			dependencies = (
			);
			name = "Ring-project";
			productName = "Ring-project";
			productReference = 8DD2A6152B7E04AE008772F4 /* Ring-project.app */;
			productType = "com.apple.product-type.application";
		};
		8DD2A6252B7E04B1008772F4 /* Ring-projectTests */ = {
			isa = PBXNativeTarget;
			buildConfigurationList = 8DD2A63D2B7E04B1008772F4 /* Build configuration list for PBXNativeTarget "Ring-projectTests" */;
			buildPhases = (
				8DD2A6222B7E04B1008772F4 /* Sources */,
				8DD2A6232B7E04B1008772F4 /* Frameworks */,
				8DD2A6242B7E04B1008772F4 /* Resources */,
			);
			buildRules = (
			);
			dependencies = (
				8DD2A6282B7E04B1008772F4 /* PBXTargetDependency */,
			);
			name = "Ring-projectTests";
			productName = "Ring-projectTests";
			productReference = 8DD2A6262B7E04B1008772F4 /* Ring-projectTests.xctest */;
			productType = "com.apple.product-type.bundle.unit-test";
		};
		8DD2A62F2B7E04B1008772F4 /* Ring-projectUITests */ = {
			isa = PBXNativeTarget;
			buildConfigurationList = 8DD2A6402B7E04B1008772F4 /* Build configuration list for PBXNativeTarget "Ring-projectUITests" */;
			buildPhases = (
				8DD2A62C2B7E04B1008772F4 /* Sources */,
				8DD2A62D2B7E04B1008772F4 /* Frameworks */,
				8DD2A62E2B7E04B1008772F4 /* Resources */,
			);
			buildRules = (
			);
			dependencies = (
				8DD2A6322B7E04B1008772F4 /* PBXTargetDependency */,
			);
			name = "Ring-projectUITests";
			productName = "Ring-projectUITests";
			productReference = 8DD2A6302B7E04B1008772F4 /* Ring-projectUITests.xctest */;
			productType = "com.apple.product-type.bundle.ui-testing";
		};
/* End PBXNativeTarget section */

/* Begin PBXProject section */
		8DD2A60D2B7E04AE008772F4 /* Project object */ = {
			isa = PBXProject;
			attributes = {
				BuildIndependentTargetsInParallel = 1;
				LastSwiftUpdateCheck = 1520;
				LastUpgradeCheck = 1520;
				TargetAttributes = {
					8DD2A6142B7E04AE008772F4 = {
						CreatedOnToolsVersion = 15.2;
					};
					8DD2A6252B7E04B1008772F4 = {
						CreatedOnToolsVersion = 15.2;
						TestTargetID = 8DD2A6142B7E04AE008772F4;
					};
					8DD2A62F2B7E04B1008772F4 = {
						CreatedOnToolsVersion = 15.2;
						TestTargetID = 8DD2A6142B7E04AE008772F4;
					};
				};
			};
			buildConfigurationList = 8DD2A6102B7E04AE008772F4 /* Build configuration list for PBXProject "Ring-project" */;
			compatibilityVersion = "Xcode 14.0";
			developmentRegion = en;
			hasScannedForEncodings = 0;
			knownRegions = (
				en,
				Base,
			);
			mainGroup = 8DD2A60C2B7E04AE008772F4;
			productRefGroup = 8DD2A6162B7E04AE008772F4 /* Products */;
			projectDirPath = "";
			projectRoot = "";
			targets = (
				8DD2A6142B7E04AE008772F4 /* Ring-project */,
				8DD2A6252B7E04B1008772F4 /* Ring-projectTests */,
				8DD2A62F2B7E04B1008772F4 /* Ring-projectUITests */,
			);
		};
/* End PBXProject section */

/* Begin PBXResourcesBuildPhase section */
		8DD2A6132B7E04AE008772F4 /* Resources */ = {
			isa = PBXResourcesBuildPhase;
			buildActionMask = 2147483647;
			files = (
				8DD2A6212B7E04B0008772F4 /* Preview Assets.xcassets in Resources */,
				8DD2A61D2B7E04B0008772F4 /* Assets.xcassets in Resources */,
			);
			runOnlyForDeploymentPostprocessing = 0;
		};
		8DD2A6242B7E04B1008772F4 /* Resources */ = {
			isa = PBXResourcesBuildPhase;
			buildActionMask = 2147483647;
			files = (
			);
			runOnlyForDeploymentPostprocessing = 0;
		};
		8DD2A62E2B7E04B1008772F4 /* Resources */ = {
			isa = PBXResourcesBuildPhase;
			buildActionMask = 2147483647;
			files = (
			);
			runOnlyForDeploymentPostprocessing = 0;
		};
/* End PBXResourcesBuildPhase section */

/* Begin PBXSourcesBuildPhase section */
		8DD2A6112B7E04AE008772F4 /* Sources */ = {
			isa = PBXSourcesBuildPhase;
			buildActionMask = 2147483647;
			files = (
				8DD2A61B2B7E04AE008772F4 /* ContentView.swift in Sources */,
				8DD2A6192B7E04AE008772F4 /* Ring_projectApp.swift in Sources */,
			);
			runOnlyForDeploymentPostprocessing = 0;
		};
		8DD2A6222B7E04B1008772F4 /* Sources */ = {
			isa = PBXSourcesBuildPhase;
			buildActionMask = 2147483647;
			files = (
				8DD2A62B2B7E04B1008772F4 /* Ring_projectTests.swift in Sources */,
			);
			runOnlyForDeploymentPostprocessing = 0;
		};
		8DD2A62C2B7E04B1008772F4 /* Sources */ = {
			isa = PBXSourcesBuildPhase;
			buildActionMask = 2147483647;
			files = (
				8DD2A6372B7E04B1008772F4 /* Ring_projectUITestsLaunchTests.swift in Sources */,
				8DD2A6352B7E04B1008772F4 /* Ring_projectUITests.swift in Sources */,
			);
			runOnlyForDeploymentPostprocessing = 0;
		};
/* End PBXSourcesBuildPhase section */

/* Begin PBXTargetDependency section */
		8DD2A6282B7E04B1008772F4 /* PBXTargetDependency */ = {
			isa = PBXTargetDependency;
			target = 8DD2A6142B7E04AE008772F4 /* Ring-project */;
			targetProxy = 8DD2A6272B7E04B1008772F4 /* PBXContainerItemProxy */;
		};
		8DD2A6322B7E04B1008772F4 /* PBXTargetDependency */ = {
			isa = PBXTargetDependency;
			target = 8DD2A6142B7E04AE008772F4 /* Ring-project */;
			targetProxy = 8DD2A6312B7E04B1008772F4 /* PBXContainerItemProxy */;
		};
/* End PBXTargetDependency section */

/* Begin XCBuildConfiguration section */
		8DD2A6382B7E04B1008772F4 /* Debug */ = {
			isa = XCBuildConfiguration;
			buildSettings = {
				ALWAYS_SEARCH_USER_PATHS = NO;
				ASSETCATALOG_COMPILER_GENERATE_SWIFT_ASSET_SYMBOL_EXTENSIONS = YES;
				CLANG_ANALYZER_NONNULL = YES;
				CLANG_ANALYZER_NUMBER_OBJECT_CONVERSION = YES_AGGRESSIVE;
				CLANG_CXX_LANGUAGE_STANDARD = "gnu++20";
				CLANG_ENABLE_MODULES = YES;
				CLANG_ENABLE_OBJC_ARC = YES;
				CLANG_ENABLE_OBJC_WEAK = YES;
				CLANG_WARN_BLOCK_CAPTURE_AUTORELEASING = YES;
				CLANG_WARN_BOOL_CONVERSION = YES;
				CLANG_WARN_COMMA = YES;
				CLANG_WARN_CONSTANT_CONVERSION = YES;
				CLANG_WARN_DEPRECATED_OBJC_IMPLEMENTATIONS = YES;
				CLANG_WARN_DIRECT_OBJC_ISA_USAGE = YES_ERROR;
				CLANG_WARN_DOCUMENTATION_COMMENTS = YES;
				CLANG_WARN_EMPTY_BODY = YES;
				CLANG_WARN_ENUM_CONVERSION = YES;
				CLANG_WARN_INFINITE_RECURSION = YES;
				CLANG_WARN_INT_CONVERSION = YES;
				CLANG_WARN_NON_LITERAL_NULL_CONVERSION = YES;
				CLANG_WARN_OBJC_IMPLICIT_RETAIN_SELF = YES;
				CLANG_WARN_OBJC_LITERAL_CONVERSION = YES;
				CLANG_WARN_OBJC_ROOT_CLASS = YES_ERROR;
				CLANG_WARN_QUOTED_INCLUDE_IN_FRAMEWORK_HEADER = YES;
				CLANG_WARN_RANGE_LOOP_ANALYSIS = YES;
				CLANG_WARN_STRICT_PROTOTYPES = YES;
				CLANG_WARN_SUSPICIOUS_MOVE = YES;
				CLANG_WARN_UNGUARDED_AVAILABILITY = YES_AGGRESSIVE;
				CLANG_WARN_UNREACHABLE_CODE = YES;
				CLANG_WARN__DUPLICATE_METHOD_MATCH = YES;
				COPY_PHASE_STRIP = NO;
				DEBUG_INFORMATION_FORMAT = dwarf;
				ENABLE_STRICT_OBJC_MSGSEND = YES;
				ENABLE_TESTABILITY = YES;
				ENABLE_USER_SCRIPT_SANDBOXING = YES;
				GCC_C_LANGUAGE_STANDARD = gnu17;
				GCC_DYNAMIC_NO_PIC = NO;
				GCC_NO_COMMON_BLOCKS = YES;
				GCC_OPTIMIZATION_LEVEL = 0;
				GCC_PREPROCESSOR_DEFINITIONS = (
					"DEBUG=1",
					"$(inherited)",
				);
				GCC_WARN_64_TO_32_BIT_CONVERSION = YES;
				GCC_WARN_ABOUT_RETURN_TYPE = YES_ERROR;
				GCC_WARN_UNDECLARED_SELECTOR = YES;
				GCC_WARN_UNINITIALIZED_AUTOS = YES_AGGRESSIVE;
				GCC_WARN_UNUSED_FUNCTION = YES;
				GCC_WARN_UNUSED_VARIABLE = YES;
				LOCALIZATION_PREFERS_STRING_CATALOGS = YES;
				MTL_ENABLE_DEBUG_INFO = INCLUDE_SOURCE;
				MTL_FAST_MATH = YES;
				ONLY_ACTIVE_ARCH = YES;
				SWIFT_ACTIVE_COMPILATION_CONDITIONS = "DEBUG $(inherited)";
				SWIFT_OPTIMIZATION_LEVEL = "-Onone";
			};
			name = Debug;
		};
		8DD2A6392B7E04B1008772F4 /* Release */ = {
			isa = XCBuildConfiguration;
			buildSettings = {
				ALWAYS_SEARCH_USER_PATHS = NO;
				ASSETCATALOG_COMPILER_GENERATE_SWIFT_ASSET_SYMBOL_EXTENSIONS = YES;
				CLANG_ANALYZER_NONNULL = YES;
				CLANG_ANALYZER_NUMBER_OBJECT_CONVERSION = YES_AGGRESSIVE;
				CLANG_CXX_LANGUAGE_STANDARD = "gnu++20";
				CLANG_ENABLE_MODULES = YES;
				CLANG_ENABLE_OBJC_ARC = YES;
				CLANG_ENABLE_OBJC_WEAK = YES;
				CLANG_WARN_BLOCK_CAPTURE_AUTORELEASING = YES;
				CLANG_WARN_BOOL_CONVERSION = YES;
				CLANG_WARN_COMMA = YES;
				CLANG_WARN_CONSTANT_CONVERSION = YES;
				CLANG_WARN_DEPRECATED_OBJC_IMPLEMENTATIONS = YES;
				CLANG_WARN_DIRECT_OBJC_ISA_USAGE = YES_ERROR;
				CLANG_WARN_DOCUMENTATION_COMMENTS = YES;
				CLANG_WARN_EMPTY_BODY = YES;
				CLANG_WARN_ENUM_CONVERSION = YES;
				CLANG_WARN_INFINITE_RECURSION = YES;
				CLANG_WARN_INT_CONVERSION = YES;
				CLANG_WARN_NON_LITERAL_NULL_CONVERSION = YES;
				CLANG_WARN_OBJC_IMPLICIT_RETAIN_SELF = YES;
				CLANG_WARN_OBJC_LITERAL_CONVERSION = YES;
				CLANG_WARN_OBJC_ROOT_CLASS = YES_ERROR;
				CLANG_WARN_QUOTED_INCLUDE_IN_FRAMEWORK_HEADER = YES;
				CLANG_WARN_RANGE_LOOP_ANALYSIS = YES;
				CLANG_WARN_STRICT_PROTOTYPES = YES;
				CLANG_WARN_SUSPICIOUS_MOVE = YES;
				CLANG_WARN_UNGUARDED_AVAILABILITY = YES_AGGRESSIVE;
				CLANG_WARN_UNREACHABLE_CODE = YES;
				CLANG_WARN__DUPLICATE_METHOD_MATCH = YES;
				COPY_PHASE_STRIP = NO;
				DEBUG_INFORMATION_FORMAT = "dwarf-with-dsym";
				ENABLE_NS_ASSERTIONS = NO;
				ENABLE_STRICT_OBJC_MSGSEND = YES;
				ENABLE_USER_SCRIPT_SANDBOXING = YES;
				GCC_C_LANGUAGE_STANDARD = gnu17;
				GCC_NO_COMMON_BLOCKS = YES;
				GCC_WARN_64_TO_32_BIT_CONVERSION = YES;
				GCC_WARN_ABOUT_RETURN_TYPE = YES_ERROR;
				GCC_WARN_UNDECLARED_SELECTOR = YES;
				GCC_WARN_UNINITIALIZED_AUTOS = YES_AGGRESSIVE;
				GCC_WARN_UNUSED_FUNCTION = YES;
				GCC_WARN_UNUSED_VARIABLE = YES;
				LOCALIZATION_PREFERS_STRING_CATALOGS = YES;
				MTL_ENABLE_DEBUG_INFO = NO;
				MTL_FAST_MATH = YES;
				SWIFT_COMPILATION_MODE = wholemodule;
			};
			name = Release;
		};
		8DD2A63B2B7E04B1008772F4 /* Debug */ = {
			isa = XCBuildConfiguration;
			buildSettings = {
				ASSETCATALOG_COMPILER_APPICON_NAME = AppIcon;
				ASSETCATALOG_COMPILER_GLOBAL_ACCENT_COLOR_NAME = AccentColor;
				CODE_SIGN_ENTITLEMENTS = "Ring-project/Ring_project.entitlements";
				CODE_SIGN_STYLE = Automatic;
				CURRENT_PROJECT_VERSION = 1;
				DEVELOPMENT_ASSET_PATHS = "\"Ring-project/Preview Content\"";
				DEVELOPMENT_TEAM = 9BN669479Y;
				ENABLE_HARDENED_RUNTIME = YES;
				ENABLE_PREVIEWS = YES;
				GENERATE_INFOPLIST_FILE = YES;
				"INFOPLIST_KEY_UIApplicationSceneManifest_Generation[sdk=iphoneos*]" = YES;
				"INFOPLIST_KEY_UIApplicationSceneManifest_Generation[sdk=iphonesimulator*]" = YES;
				"INFOPLIST_KEY_UIApplicationSupportsIndirectInputEvents[sdk=iphoneos*]" = YES;
				"INFOPLIST_KEY_UIApplicationSupportsIndirectInputEvents[sdk=iphonesimulator*]" = YES;
				"INFOPLIST_KEY_UILaunchScreen_Generation[sdk=iphoneos*]" = YES;
				"INFOPLIST_KEY_UILaunchScreen_Generation[sdk=iphonesimulator*]" = YES;
				"INFOPLIST_KEY_UIStatusBarStyle[sdk=iphoneos*]" = UIStatusBarStyleDefault;
				"INFOPLIST_KEY_UIStatusBarStyle[sdk=iphonesimulator*]" = UIStatusBarStyleDefault;
				INFOPLIST_KEY_UISupportedInterfaceOrientations_iPad = "UIInterfaceOrientationPortrait UIInterfaceOrientationPortraitUpsideDown UIInterfaceOrientationLandscapeLeft UIInterfaceOrientationLandscapeRight";
				INFOPLIST_KEY_UISupportedInterfaceOrientations_iPhone = "UIInterfaceOrientationPortrait UIInterfaceOrientationLandscapeLeft UIInterfaceOrientationLandscapeRight";
				IPHONEOS_DEPLOYMENT_TARGET = 17.2;
				LD_RUNPATH_SEARCH_PATHS = "@executable_path/Frameworks";
				"LD_RUNPATH_SEARCH_PATHS[sdk=macosx*]" = "@executable_path/../Frameworks";
				MACOSX_DEPLOYMENT_TARGET = 14.2;
				MARKETING_VERSION = 1.0;
				PRODUCT_BUNDLE_IDENTIFIER = "com.MobIntel.Ring-project";
				PRODUCT_NAME = "$(TARGET_NAME)";
				SDKROOT = auto;
				SUPPORTED_PLATFORMS = "iphoneos iphonesimulator macosx";
				SWIFT_EMIT_LOC_STRINGS = YES;
				SWIFT_VERSION = 5.0;
				TARGETED_DEVICE_FAMILY = "1,2";
			};
			name = Debug;
		};
		8DD2A63C2B7E04B1008772F4 /* Release */ = {
			isa = XCBuildConfiguration;
			buildSettings = {
				ASSETCATALOG_COMPILER_APPICON_NAME = AppIcon;
				ASSETCATALOG_COMPILER_GLOBAL_ACCENT_COLOR_NAME = AccentColor;
				CODE_SIGN_ENTITLEMENTS = "Ring-project/Ring_project.entitlements";
				CODE_SIGN_STYLE = Automatic;
				CURRENT_PROJECT_VERSION = 1;
				DEVELOPMENT_ASSET_PATHS = "\"Ring-project/Preview Content\"";
				DEVELOPMENT_TEAM = 9BN669479Y;
				ENABLE_HARDENED_RUNTIME = YES;
				ENABLE_PREVIEWS = YES;
				GENERATE_INFOPLIST_FILE = YES;
				"INFOPLIST_KEY_UIApplicationSceneManifest_Generation[sdk=iphoneos*]" = YES;
				"INFOPLIST_KEY_UIApplicationSceneManifest_Generation[sdk=iphonesimulator*]" = YES;
				"INFOPLIST_KEY_UIApplicationSupportsIndirectInputEvents[sdk=iphoneos*]" = YES;
				"INFOPLIST_KEY_UIApplicationSupportsIndirectInputEvents[sdk=iphonesimulator*]" = YES;
				"INFOPLIST_KEY_UILaunchScreen_Generation[sdk=iphoneos*]" = YES;
				"INFOPLIST_KEY_UILaunchScreen_Generation[sdk=iphonesimulator*]" = YES;
				"INFOPLIST_KEY_UIStatusBarStyle[sdk=iphoneos*]" = UIStatusBarStyleDefault;
				"INFOPLIST_KEY_UIStatusBarStyle[sdk=iphonesimulator*]" = UIStatusBarStyleDefault;
				INFOPLIST_KEY_UISupportedInterfaceOrientations_iPad = "UIInterfaceOrientationPortrait UIInterfaceOrientationPortraitUpsideDown UIInterfaceOrientationLandscapeLeft UIInterfaceOrientationLandscapeRight";
				INFOPLIST_KEY_UISupportedInterfaceOrientations_iPhone = "UIInterfaceOrientationPortrait UIInterfaceOrientationLandscapeLeft UIInterfaceOrientationLandscapeRight";
				IPHONEOS_DEPLOYMENT_TARGET = 17.2;
				LD_RUNPATH_SEARCH_PATHS = "@executable_path/Frameworks";
				"LD_RUNPATH_SEARCH_PATHS[sdk=macosx*]" = "@executable_path/../Frameworks";
				MACOSX_DEPLOYMENT_TARGET = 14.2;
				MARKETING_VERSION = 1.0;
				PRODUCT_BUNDLE_IDENTIFIER = "com.MobIntel.Ring-project";
				PRODUCT_NAME = "$(TARGET_NAME)";
				SDKROOT = auto;
				SUPPORTED_PLATFORMS = "iphoneos iphonesimulator macosx";
				SWIFT_EMIT_LOC_STRINGS = YES;
				SWIFT_VERSION = 5.0;
				TARGETED_DEVICE_FAMILY = "1,2";
			};
			name = Release;
		};
		8DD2A63E2B7E04B1008772F4 /* Debug */ = {
			isa = XCBuildConfiguration;
			buildSettings = {
				ALWAYS_EMBED_SWIFT_STANDARD_LIBRARIES = YES;
				BUNDLE_LOADER = "$(TEST_HOST)";
				CODE_SIGN_STYLE = Automatic;
				CURRENT_PROJECT_VERSION = 1;
				DEVELOPMENT_TEAM = 9BN669479Y;
				GENERATE_INFOPLIST_FILE = YES;
				IPHONEOS_DEPLOYMENT_TARGET = 17.2;
				MACOSX_DEPLOYMENT_TARGET = 14.2;
				MARKETING_VERSION = 1.0;
				PRODUCT_BUNDLE_IDENTIFIER = "com.MobIntel.Ring-projectTests";
				PRODUCT_NAME = "$(TARGET_NAME)";
				SDKROOT = auto;
				SUPPORTED_PLATFORMS = "iphoneos iphonesimulator macosx";
				SWIFT_EMIT_LOC_STRINGS = NO;
				SWIFT_VERSION = 5.0;
				TARGETED_DEVICE_FAMILY = "1,2";
				TEST_HOST = "$(BUILT_PRODUCTS_DIR)/Ring-project.app/$(BUNDLE_EXECUTABLE_FOLDER_PATH)/Ring-project";
			};
			name = Debug;
		};
		8DD2A63F2B7E04B1008772F4 /* Release */ = {
			isa = XCBuildConfiguration;
			buildSettings = {
				ALWAYS_EMBED_SWIFT_STANDARD_LIBRARIES = YES;
				BUNDLE_LOADER = "$(TEST_HOST)";
				CODE_SIGN_STYLE = Automatic;
				CURRENT_PROJECT_VERSION = 1;
				DEVELOPMENT_TEAM = 9BN669479Y;
				GENERATE_INFOPLIST_FILE = YES;
				IPHONEOS_DEPLOYMENT_TARGET = 17.2;
				MACOSX_DEPLOYMENT_TARGET = 14.2;
				MARKETING_VERSION = 1.0;
				PRODUCT_BUNDLE_IDENTIFIER = "com.MobIntel.Ring-projectTests";
				PRODUCT_NAME = "$(TARGET_NAME)";
				SDKROOT = auto;
				SUPPORTED_PLATFORMS = "iphoneos iphonesimulator macosx";
				SWIFT_EMIT_LOC_STRINGS = NO;
				SWIFT_VERSION = 5.0;
				TARGETED_DEVICE_FAMILY = "1,2";
				TEST_HOST = "$(BUILT_PRODUCTS_DIR)/Ring-project.app/$(BUNDLE_EXECUTABLE_FOLDER_PATH)/Ring-project";
			};
			name = Release;
		};
		8DD2A6412B7E04B1008772F4 /* Debug */ = {
			isa = XCBuildConfiguration;
			buildSettings = {
				ALWAYS_EMBED_SWIFT_STANDARD_LIBRARIES = YES;
				CODE_SIGN_STYLE = Automatic;
				CURRENT_PROJECT_VERSION = 1;
				DEVELOPMENT_TEAM = 9BN669479Y;
				GENERATE_INFOPLIST_FILE = YES;
				IPHONEOS_DEPLOYMENT_TARGET = 17.2;
				MACOSX_DEPLOYMENT_TARGET = 14.2;
				MARKETING_VERSION = 1.0;
				PRODUCT_BUNDLE_IDENTIFIER = "com.MobIntel.Ring-projectUITests";
				PRODUCT_NAME = "$(TARGET_NAME)";
				SDKROOT = auto;
				SUPPORTED_PLATFORMS = "iphoneos iphonesimulator macosx";
				SWIFT_EMIT_LOC_STRINGS = NO;
				SWIFT_VERSION = 5.0;
				TARGETED_DEVICE_FAMILY = "1,2";
				TEST_TARGET_NAME = "Ring-project";
			};
			name = Debug;
		};
		8DD2A6422B7E04B1008772F4 /* Release */ = {
			isa = XCBuildConfiguration;
			buildSettings = {
				ALWAYS_EMBED_SWIFT_STANDARD_LIBRARIES = YES;
				CODE_SIGN_STYLE = Automatic;
				CURRENT_PROJECT_VERSION = 1;
				DEVELOPMENT_TEAM = 9BN669479Y;
				GENERATE_INFOPLIST_FILE = YES;
				IPHONEOS_DEPLOYMENT_TARGET = 17.2;
				MACOSX_DEPLOYMENT_TARGET = 14.2;
				MARKETING_VERSION = 1.0;
				PRODUCT_BUNDLE_IDENTIFIER = "com.MobIntel.Ring-projectUITests";
				PRODUCT_NAME = "$(TARGET_NAME)";
				SDKROOT = auto;
				SUPPORTED_PLATFORMS = "iphoneos iphonesimulator macosx";
				SWIFT_EMIT_LOC_STRINGS = NO;
				SWIFT_VERSION = 5.0;
				TARGETED_DEVICE_FAMILY = "1,2";
				TEST_TARGET_NAME = "Ring-project";
			};
			name = Release;
		};
/* End XCBuildConfiguration section */

/* Begin XCConfigurationList section */
		8DD2A6102B7E04AE008772F4 /* Build configuration list for PBXProject "Ring-project" */ = {
			isa = XCConfigurationList;
			buildConfigurations = (
				8DD2A6382B7E04B1008772F4 /* Debug */,
				8DD2A6392B7E04B1008772F4 /* Release */,
			);
			defaultConfigurationIsVisible = 0;
			defaultConfigurationName = Release;
		};
		8DD2A63A2B7E04B1008772F4 /* Build configuration list for PBXNativeTarget "Ring-project" */ = {
			isa = XCConfigurationList;
			buildConfigurations = (
				8DD2A63B2B7E04B1008772F4 /* Debug */,
				8DD2A63C2B7E04B1008772F4 /* Release */,
			);
			defaultConfigurationIsVisible = 0;
			defaultConfigurationName = Release;
		};
		8DD2A63D2B7E04B1008772F4 /* Build configuration list for PBXNativeTarget "Ring-projectTests" */ = {
			isa = XCConfigurationList;
			buildConfigurations = (
				8DD2A63E2B7E04B1008772F4 /* Debug */,
				8DD2A63F2B7E04B1008772F4 /* Release */,
			);
			defaultConfigurationIsVisible = 0;
			defaultConfigurationName = Release;
		};
		8DD2A6402B7E04B1008772F4 /* Build configuration list for PBXNativeTarget "Ring-projectUITests" */ = {
			isa = XCConfigurationList;
			buildConfigurations = (
				8DD2A6412B7E04B1008772F4 /* Debug */,
				8DD2A6422B7E04B1008772F4 /* Release */,
			);
			defaultConfigurationIsVisible = 0;
			defaultConfigurationName = Release;
		};
/* End XCConfigurationList section */
	};
	rootObject = 8DD2A60D2B7E04AE008772F4 /* Project object */;
}
